
Microsoft Visual Studio Solution File, Format Version 12.00
# Visual Studio Version 17
VisualStudioVersion = 17.13.35806.99
MinimumVisualStudioVersion = 10.0.40219.1
Project("{FAE04EC0-301F-11D3-BF4B-00C04F79EFBC}") = "WebAppTest", "WebAppTest.csproj", "{27A69C34-4C35-48DA-823E-374F9400C08C}"
EndProject
Global
	GlobalSection(SolutionConfigurationPlatforms) = preSolution
		Debug|Any CPU = Debug|Any CPU
		Release|Any CPU = Release|Any CPU
	EndGlobalSection
	GlobalSection(ProjectConfigurationPlatforms) = postSolution
		{27A69C34-4C35-48DA-823E-374F9400C08C}.Debug|Any CPU.ActiveCfg = Debug|Any CPU
		{27A69C34-4C35-48DA-823E-374F9400C08C}.Debug|Any CPU.Build.0 = Debug|Any CPU
		{27A69C34-4C35-48DA-823E-374F9400C08C}.Release|Any CPU.ActiveCfg = Release|Any CPU
		{27A69C34-4C35-48DA-823E-374F9400C08C}.Release|Any CPU.Build.0 = Release|Any CPU
	EndGlobalSection
	GlobalSection(SolutionProperties) = preSolution
		HideSolutionNode = FALSE
	EndGlobalSection
	GlobalSection(ExtensibilityGlobals) = postSolution
		SolutionGuid = {EAF291BD-EDF9-4104-AE87-AA4E3E53AB30}
	EndGlobalSection
EndGlobal
